Microsoft Visual Studio Solution File, Format Version 12.00
# Visual Studio Version 17
VisualStudioVersion = 17.11.0.0
MinimumVisualStudioVersion = 10.0.40219.1

# ── フォルダ ──────────────────────────────────────────────────────────
Project("{2150E333-8FDC-42A3-9474-1A3956D46DE8}") = "src", "src", "{A1000000-0000-0000-0000-000000000001}"
EndProject
Project("{2150E333-8FDC-42A3-9474-1A3956D46DE8}") = "tests", "tests", "{A2000000-0000-0000-0000-000000000002}"
EndProject
Project("{2150E333-8FDC-42A3-9474-1A3956D46DE8}") = "sdk", "sdk", "{A3000000-0000-0000-0000-000000000003}"
EndProject

# ── コアプロジェクト ──────────────────────────────────────────────────
Project("{9A19103F-16F7-4668-BE54-9A1E7A4F7556}") = "MWC.Core", "src\MWC.Core\MWC.Core.csproj", "{C1000000-0000-0000-0000-000000000001}"
EndProject
Project("{9A19103F-16F7-4668-BE54-9A1E7A4F7556}") = "MWC.Platform.Windows", "src\MWC.Platform.Windows\MWC.Platform.Windows.csproj", "{C2000000-0000-0000-0000-000000000002}"
EndProject
Project("{9A19103F-16F7-4668-BE54-9A1E7A4F7556}") = "MWC.Platform.Linux", "src\MWC.Platform.Linux\MWC.Platform.Linux.csproj", "{C6000000-0000-0000-0000-000000000006}"
EndProject
Project("{9A19103F-16F7-4668-BE54-9A1E7A4F7556}") = "MWC.Platform.MacOS", "src\MWC.Platform.MacOS\MWC.Platform.MacOS.csproj", "{C7000000-0000-0000-0000-000000000007}"
EndProject
Project("{9A19103F-16F7-4668-BE54-9A1E7A4F7556}") = "MWC.Platform.Android", "src\MWC.Platform.Android\MWC.Platform.Android.csproj", "{C8000000-0000-0000-0000-000000000008}"
EndProject
Project("{9A19103F-16F7-4668-BE54-9A1E7A4F7556}") = "MWC.Platform.iOS", "src\MWC.Platform.iOS\MWC.Platform.iOS.csproj", "{C9000000-0000-0000-0000-000000000009}"
EndProject
Project("{9A19103F-16F7-4668-BE54-9A1E7A4F7556}") = "MWC.App", "src\MWC.App\MWC.App.csproj", "{C3000000-0000-0000-0000-000000000003}"
EndProject
Project("{9A19103F-16F7-4668-BE54-9A1E7A4F7556}") = "MWC.Cli", "src\MWC.Cli\MWC.Cli.csproj", "{C4000000-0000-0000-0000-000000000004}"
EndProject
Project("{9A19103F-16F7-4668-BE54-9A1E7A4F7556}") = "MWC.PSModule", "src\MWC.PSModule\MWC.PSModule.csproj", "{CA000000-0000-0000-0000-000000000010}"
EndProject

# ── SDK ──────────────────────────────────────────────────────────────
Project("{9A19103F-16F7-4668-BE54-9A1E7A4F7556}") = "MWC.SDK", "sdk\MWC.SDK.csproj", "{CB000000-0000-0000-0000-000000000011}"
EndProject

# ── テスト ────────────────────────────────────────────────────────────
Project("{9A19103F-16F7-4668-BE54-9A1E7A4F7556}") = "MWC.Benchmarks", "benchmarks\MWC.Benchmarks.csproj", "{CC000000-0000-0000-0000-000000000012}"
EndProject
Project("{9A19103F-16F7-4668-BE54-9A1E7A4F7556}") = "MWC.Core.Tests", "tests\MWC.Core.Tests\MWC.Core.Tests.csproj", "{C5000000-0000-0000-0000-000000000005}"
EndProject

Global
	GlobalSection(SolutionConfigurationPlatforms) = preSolution
		Debug|Any CPU = Debug|Any CPU
		Release|Any CPU = Release|Any CPU
	EndGlobalSection
	GlobalSection(ProjectConfigurationPlatforms) = postSolution
		{C1000000-0000-0000-0000-000000000001}.Debug|Any CPU.ActiveCfg = Debug|Any CPU
		{C1000000-0000-0000-0000-000000000001}.Debug|Any CPU.Build.0 = Debug|Any CPU
		{C1000000-0000-0000-0000-000000000001}.Release|Any CPU.ActiveCfg = Release|Any CPU
		{C1000000-0000-0000-0000-000000000001}.Release|Any CPU.Build.0 = Release|Any CPU
		{C2000000-0000-0000-0000-000000000002}.Debug|Any CPU.ActiveCfg = Debug|Any CPU
		{C2000000-0000-0000-0000-000000000002}.Debug|Any CPU.Build.0 = Debug|Any CPU
		{C2000000-0000-0000-0000-000000000002}.Release|Any CPU.ActiveCfg = Release|Any CPU
		{C2000000-0000-0000-0000-000000000002}.Release|Any CPU.Build.0 = Release|Any CPU
		{C3000000-0000-0000-0000-000000000003}.Debug|Any CPU.ActiveCfg = Debug|Any CPU
		{C3000000-0000-0000-0000-000000000003}.Debug|Any CPU.Build.0 = Debug|Any CPU
		{C3000000-0000-0000-0000-000000000003}.Release|Any CPU.ActiveCfg = Release|Any CPU
		{C3000000-0000-0000-0000-000000000003}.Release|Any CPU.Build.0 = Release|Any CPU
		{C4000000-0000-0000-0000-000000000004}.Debug|Any CPU.ActiveCfg = Debug|Any CPU
		{C4000000-0000-0000-0000-000000000004}.Debug|Any CPU.Build.0 = Debug|Any CPU
		{C4000000-0000-0000-0000-000000000004}.Release|Any CPU.ActiveCfg = Release|Any CPU
		{C4000000-0000-0000-0000-000000000004}.Release|Any CPU.Build.0 = Release|Any CPU
		{C5000000-0000-0000-0000-000000000005}.Debug|Any CPU.ActiveCfg = Debug|Any CPU
		{C5000000-0000-0000-0000-000000000005}.Debug|Any CPU.Build.0 = Debug|Any CPU
		{C5000000-0000-0000-0000-000000000005}.Release|Any CPU.ActiveCfg = Release|Any CPU
		{C5000000-0000-0000-0000-000000000005}.Release|Any CPU.Build.0 = Release|Any CPU
		{CC000000-0000-0000-0000-000000000012}.Debug|Any CPU.ActiveCfg = Debug|Any CPU
		{CC000000-0000-0000-0000-000000000012}.Release|Any CPU.ActiveCfg = Release|Any CPU
		{C6000000-0000-0000-0000-000000000006}.Debug|Any CPU.ActiveCfg = Debug|Any CPU
		{C6000000-0000-0000-0000-000000000006}.Debug|Any CPU.Build.0 = Debug|Any CPU
		{C6000000-0000-0000-0000-000000000006}.Release|Any CPU.ActiveCfg = Release|Any CPU
		{C6000000-0000-0000-0000-000000000006}.Release|Any CPU.Build.0 = Release|Any CPU
		{C7000000-0000-0000-0000-000000000007}.Debug|Any CPU.ActiveCfg = Debug|Any CPU
		{C7000000-0000-0000-0000-000000000007}.Debug|Any CPU.Build.0 = Debug|Any CPU
		{C7000000-0000-0000-0000-000000000007}.Release|Any CPU.ActiveCfg = Release|Any CPU
		{C7000000-0000-0000-0000-000000000007}.Release|Any CPU.Build.0 = Release|Any CPU
		{C8000000-0000-0000-0000-000000000008}.Debug|Any CPU.ActiveCfg = Debug|Any CPU
		{C8000000-0000-0000-0000-000000000008}.Release|Any CPU.ActiveCfg = Release|Any CPU
		{C9000000-0000-0000-0000-000000000009}.Debug|Any CPU.ActiveCfg = Debug|Any CPU
		{C9000000-0000-0000-0000-000000000009}.Release|Any CPU.ActiveCfg = Release|Any CPU
		{CA000000-0000-0000-0000-000000000010}.Debug|Any CPU.ActiveCfg = Debug|Any CPU
		{CA000000-0000-0000-0000-000000000010}.Release|Any CPU.ActiveCfg = Release|Any CPU
		{CB000000-0000-0000-0000-000000000011}.Debug|Any CPU.ActiveCfg = Debug|Any CPU
		{CB000000-0000-0000-0000-000000000011}.Debug|Any CPU.Build.0 = Debug|Any CPU
		{CB000000-0000-0000-0000-000000000011}.Release|Any CPU.ActiveCfg = Release|Any CPU
		{CB000000-0000-0000-0000-000000000011}.Release|Any CPU.Build.0 = Release|Any CPU
	EndGlobalSection
	GlobalSection(NestedProjects) = preSolution
		{C1000000-0000-0000-0000-000000000001} = {A1000000-0000-0000-0000-000000000001}
		{C2000000-0000-0000-0000-000000000002} = {A1000000-0000-0000-0000-000000000001}
		{C6000000-0000-0000-0000-000000000006} = {A1000000-0000-0000-0000-000000000001}
		{C7000000-0000-0000-0000-000000000007} = {A1000000-0000-0000-0000-000000000001}
		{C8000000-0000-0000-0000-000000000008} = {A1000000-0000-0000-0000-000000000001}
		{C9000000-0000-0000-0000-000000000009} = {A1000000-0000-0000-0000-000000000001}
		{C3000000-0000-0000-0000-000000000003} = {A1000000-0000-0000-0000-000000000001}
		{C4000000-0000-0000-0000-000000000004} = {A1000000-0000-0000-0000-000000000001}
		{CA000000-0000-0000-0000-000000000010} = {A1000000-0000-0000-0000-000000000001}
		{CB000000-0000-0000-0000-000000000011} = {A3000000-0000-0000-0000-000000000003}
		{C5000000-0000-0000-0000-000000000005} = {A2000000-0000-0000-0000-000000000002}
	EndGlobalSection
EndGlobal
